
Microsoft Visual Studio Solution File, Format Version 12.00
# Visual Studio Version 17
VisualStudioVersion = 17.3.32929.385
MinimumVisualStudioVersion = 10.0.40219.1
Project("{FAE04EC0-301F-11D3-BF4B-00C04F79EFBC}") = "CapitalPlacementProject", "CapitalPlacementProject\CapitalPlacementProject.csproj", "{5393B048-A005-464A-B300-3FDBF674EE22}"
EndProject
Global
	GlobalSection(SolutionConfigurationPlatforms) = preSolution
		Debug|Any CPU = Debug|Any CPU
		Release|Any CPU = Release|Any CPU
	EndGlobalSection
	GlobalSection(ProjectConfigurationPlatforms) = postSolution
		{5393B048-A005-464A-B300-3FDBF674EE22}.Debug|Any CPU.ActiveCfg = Debug|Any CPU
		{5393B048-A005-464A-B300-3FDBF674EE22}.Debug|Any CPU.Build.0 = Debug|Any CPU
		{5393B048-A005-464A-B300-3FDBF674EE22}.Release|Any CPU.ActiveCfg = Release|Any CPU
		{5393B048-A005-464A-B300-3FDBF674EE22}.Release|Any CPU.Build.0 = Release|Any CPU
	EndGlobalSection
	GlobalSection(SolutionProperties) = preSolution
		HideSolutionNode = FALSE
	EndGlobalSection
	GlobalSection(ExtensibilityGlobals) = postSolution
		SolutionGuid = {8FC79FAD-EF98-4ECD-8900-9C88EA8AE837}
	EndGlobalSection
EndGlobal
